// !$*UTF8*$!
{
	archiveVersion = 1;
	classes = {
	};
	objectVersion = 46;
	objects = {

/* Begin PBXBuildFile section */
		D1572F681D8FCD2A00FFC94F /* IPAddress.swift in Sources */ = {isa = PBXBuildFile; fileRef = D1572F671D8FCD2A00FFC94F /* IPAddress.swift */; };
		D17306D71D8D867E000EFDDA /* AppDelegate.swift in Sources */ = {isa = PBXBuildFile; fileRef = D17306D61D8D867E000EFDDA /* AppDelegate.swift */; };
		D17306D91D8D867E000EFDDA /* ViewController.swift in Sources */ = {isa = PBXBuildFile; fileRef = D17306D81D8D867E000EFDDA /* ViewController.swift */; };
		D17306DC1D8D867E000EFDDA /* Main.storyboard in Resources */ = {isa = PBXBuildFile; fileRef = D17306DA1D8D867E000EFDDA /* Main.storyboard */; };
		D17306DE1D8D867E000EFDDA /* Assets.xcassets in Resources */ = {isa = PBXBuildFile; fileRef = D17306DD1D8D867E000EFDDA /* Assets.xcassets */; };
		D17306E11D8D867E000EFDDA /* LaunchScreen.storyboard in Resources */ = {isa = PBXBuildFile; fileRef = D17306DF1D8D867E000EFDDA /* LaunchScreen.storyboard */; };
		D17306E91D8D89F7000EFDDA /* ResultsTableViewController.swift in Sources */ = {isa = PBXBuildFile; fileRef = D17306E81D8D89F7000EFDDA /* ResultsTableViewController.swift */; };
		D1827A451D8EF8AA00D8E5CC /* ExportViewController.swift in Sources */ = {isa = PBXBuildFile; fileRef = D1827A441D8EF8AA00D8E5CC /* ExportViewController.swift */; };
		D1827A471D8EF8B900D8E5CC /* DNSConfigViewController.swift in Sources */ = {isa = PBXBuildFile; fileRef = D1827A461D8EF8B900D8E5CC /* DNSConfigViewController.swift */; };
		D1827A491D8F0C9100D8E5CC /* AboutViewController.swift in Sources */ = {isa = PBXBuildFile; fileRef = D1827A481D8F0C9100D8E5CC /* AboutViewController.swift */; };
		D1CEF4AF1D8DC47300C8D9B7 /* allIPsTableViewController.swift in Sources */ = {isa = PBXBuildFile; fileRef = D1CEF4AE1D8DC47300C8D9B7 /* allIPsTableViewController.swift */; };
/* End PBXBuildFile section */

/* Begin PBXFileReference section */
		D1572F671D8FCD2A00FFC94F /* IPAddress.swift */ = {isa = PBXFileReference; fileEncoding = 4; lastKnownFileType = sourcecode.swift; path = IPAddress.swift; sourceTree = "<group>"; };
		D17306D31D8D867E000EFDDA /* ipValidator.app */ = {isa = PBXFileReference; explicitFileType = wrapper.application; includeInIndex = 0; path = ipValidator.app; sourceTree = BUILT_PRODUCTS_DIR; };
		D17306D61D8D867E000EFDDA /* AppDelegate.swift */ = {isa = PBXFileReference; lastKnownFileType = sourcecode.swift; path = AppDelegate.swift; sourceTree = "<group>"; };
		D17306D81D8D867E000EFDDA /* ViewController.swift */ = {isa = PBXFileReference; lastKnownFileType = sourcecode.swift; path = ViewController.swift; sourceTree = "<group>"; };
		D17306DB1D8D867E000EFDDA /* Base */ = {isa = PBXFileReference; lastKnownFileType = file.storyboard; name = Base; path = Base.lproj/Main.storyboard; sourceTree = "<group>"; };
		D17306DD1D8D867E000EFDDA /* Assets.xcassets */ = {isa = PBXFileReference; lastKnownFileType = folder.assetcatalog; path = Assets.xcassets; sourceTree = "<group>"; };
		D17306E01D8D867E000EFDDA /* Base */ = {isa = PBXFileReference; lastKnownFileType = file.storyboard; name = Base; path = Base.lproj/LaunchScreen.storyboard; sourceTree = "<group>"; };
		D17306E21D8D867E000EFDDA /* Info.plist */ = {isa = PBXFileReference; lastKnownFileType = text.plist.xml; path = Info.plist; sourceTree = "<group>"; };
		D17306E81D8D89F7000EFDDA /* ResultsTableViewController.swift */ = {isa = PBXFileReference; fileEncoding = 4; lastKnownFileType = sourcecode.swift; path = ResultsTableViewController.swift; sourceTree = "<group>"; };
		D1827A441D8EF8AA00D8E5CC /* ExportViewController.swift */ = {isa = PBXFileReference; fileEncoding = 4; lastKnownFileType = sourcecode.swift; path = ExportViewController.swift; sourceTree = "<group>"; };
		D1827A461D8EF8B900D8E5CC /* DNSConfigViewController.swift */ = {isa = PBXFileReference; fileEncoding = 4; lastKnownFileType = sourcecode.swift; path = DNSConfigViewController.swift; sourceTree = "<group>"; };
		D1827A481D8F0C9100D8E5CC /* AboutViewController.swift */ = {isa = PBXFileReference; fileEncoding = 4; lastKnownFileType = sourcecode.swift; path = AboutViewController.swift; sourceTree = "<group>"; };
		D1BFCFA71E30DDB2004E145C /* LICENSE */ = {isa = PBXFileReference; lastKnownFileType = text; path = LICENSE; sourceTree = "<group>"; };
		D1CEF4AE1D8DC47300C8D9B7 /* allIPsTableViewController.swift */ = {isa = PBXFileReference; fileEncoding = 4; lastKnownFileType = sourcecode.swift; path = allIPsTableViewController.swift; sourceTree = "<group>"; };
/* End PBXFileReference section */

/* Begin PBXFrameworksBuildPhase section */
		D17306D01D8D867E000EFDDA /* Frameworks */ = {
			isa = PBXFrameworksBuildPhase;
			buildActionMask = 2147483647;
			files = (
			);
			runOnlyForDeploymentPostprocessing = 0;
		};
/* End PBXFrameworksBuildPhase section */

/* Begin PBXGroup section */
		D17306CA1D8D867E000EFDDA = {
			isa = PBXGroup;
			children = (
				D1BFCFA71E30DDB2004E145C /* LICENSE */,
				D17306D51D8D867E000EFDDA /* ipValidator */,
				D17306D41D8D867E000EFDDA /* Products */,
			);
			sourceTree = "<group>";
		};
		D17306D41D8D867E000EFDDA /* Products */ = {
			isa = PBXGroup;
			children = (
				D17306D31D8D867E000EFDDA /* ipValidator.app */,
			);
			name = Products;
			sourceTree = "<group>";
		};
		D17306D51D8D867E000EFDDA /* ipValidator */ = {
			isa = PBXGroup;
			children = (
				D1BFCFA81E30DDDD004E145C /* View Controllers */,
				D17306D61D8D867E000EFDDA /* AppDelegate.swift */,
				D1572F671D8FCD2A00FFC94F /* IPAddress.swift */,
				D17306DA1D8D867E000EFDDA /* Main.storyboard */,
				D17306DD1D8D867E000EFDDA /* Assets.xcassets */,
				D17306DF1D8D867E000EFDDA /* LaunchScreen.storyboard */,
				D17306E21D8D867E000EFDDA /* Info.plist */,
			);
			path = ipValidator;
			sourceTree = "<group>";
		};
		D1BFCFA81E30DDDD004E145C /* View Controllers */ = {
			isa = PBXGroup;
			children = (
				D1CEF4AE1D8DC47300C8D9B7 /* allIPsTableViewController.swift */,
				D1827A441D8EF8AA00D8E5CC /* ExportViewController.swift */,
				D1827A461D8EF8B900D8E5CC /* DNSConfigViewController.swift */,
				D17306D81D8D867E000EFDDA /* ViewController.swift */,
				D1827A481D8F0C9100D8E5CC /* AboutViewController.swift */,
				D17306E81D8D89F7000EFDDA /* ResultsTableViewController.swift */,
			);
			name = "View Controllers";
			sourceTree = "<group>";
		};
/* End PBXGroup section */

/* Begin PBXNativeTarget section */
		D17306D21D8D867E000EFDDA /* ipValidator */ = {
			isa = PBXNativeTarget;
			buildConfigurationList = D17306E51D8D867E000EFDDA /* Build configuration list for PBXNativeTarget "ipValidator" */;
			buildPhases = (
				D17306CF1D8D867E000EFDDA /* Sources */,
				D17306D01D8D867E000EFDDA /* Frameworks */,
				D17306D11D8D867E000EFDDA /* Resources */,
			);
			buildRules = (
			);
			dependencies = (
			);
			name = ipValidator;
			productName = ipValidator;
			productReference = D17306D31D8D867E000EFDDA /* ipValidator.app */;
			productType = "com.apple.product-type.application";
		};
/* End PBXNativeTarget section */

/* Begin PBXProject section */
		D17306CB1D8D867E000EFDDA /* Project object */ = {
			isa = PBXProject;
			attributes = {
				LastSwiftUpdateCheck = 0800;
				LastUpgradeCheck = 0820;
				ORGANIZATIONNAME = mehmet;
				TargetAttributes = {
					D17306D21D8D867E000EFDDA = {
						CreatedOnToolsVersion = 8.0;
						DevelopmentTeam = MEDK2J2T37;
						ProvisioningStyle = Automatic;
					};
				};
			};
			buildConfigurationList = D17306CE1D8D867E000EFDDA /* Build configuration list for PBXProject "ipValidator" */;
			compatibilityVersion = "Xcode 3.2";
			developmentRegion = English;
			hasScannedForEncodings = 0;
			knownRegions = (
				en,
				Base,
			);
			mainGroup = D17306CA1D8D867E000EFDDA;
			productRefGroup = D17306D41D8D867E000EFDDA /* Products */;
			projectDirPath = "";
			projectRoot = "";
			targets = (
				D17306D21D8D867E000EFDDA /* ipValidator */,
			);
		};
/* End PBXProject section */

/* Begin PBXResourcesBuildPhase section */
		D17306D11D8D867E000EFDDA /* Resources */ = {
			isa = PBXResourcesBuildPhase;
			buildActionMask = 2147483647;
			files = (
				D17306E11D8D867E000EFDDA /* LaunchScreen.storyboard in Resources */,
				D17306DE1D8D867E000EFDDA /* Assets.xcassets in Resources */,
				D17306DC1D8D867E000EFDDA /* Main.storyboard in Resources */,
			);
			runOnlyForDeploymentPostprocessing = 0;
		};
/* End PBXResourcesBuildPhase section */

/* Begin PBXSourcesBuildPhase section */
		D17306CF1D8D867E000EFDDA /* Sources */ = {
			isa = PBXSourcesBuildPhase;
			buildActionMask = 2147483647;
			files = (
				D17306E91D8D89F7000EFDDA /* ResultsTableViewController.swift in Sources */,
				D1572F681D8FCD2A00FFC94F /* IPAddress.swift in Sources */,
				D17306D91D8D867E000EFDDA /* ViewController.swift in Sources */,
				D1827A471D8EF8B900D8E5CC /* DNSConfigViewController.swift in Sources */,
				D1827A491D8F0C9100D8E5CC /* AboutViewController.swift in Sources */,
				D1CEF4AF1D8DC47300C8D9B7 /* allIPsTableViewController.swift in Sources */,
				D17306D71D8D867E000EFDDA /* AppDelegate.swift in Sources */,
				D1827A451D8EF8AA00D8E5CC /* ExportViewController.swift in Sources */,
			);
			runOnlyForDeploymentPostprocessing = 0;
		};
/* End PBXSourcesBuildPhase section */

/* Begin PBXVariantGroup section */
		D17306DA1D8D867E000EFDDA /* Main.storyboard */ = {
			isa = PBXVariantGroup;
			children = (
				D17306DB1D8D867E000EFDDA /* Base */,
			);
			name = Main.storyboard;
			sourceTree = "<group>";
		};
		D17306DF1D8D867E000EFDDA /* LaunchScreen.storyboard */ = {
			isa = PBXVariantGroup;
			children = (
				D17306E01D8D867E000EFDDA /* Base */,
			);
			name = LaunchScreen.storyboard;
			sourceTree = "<group>";
		};
/* End PBXVariantGroup section */

/* Begin XCBuildConfiguration section */
		D17306E31D8D867E000EFDDA /* Debug */ = {
			isa = XCBuildConfiguration;
			buildSettings = {
				ALWAYS_SEARCH_USER_PATHS = NO;
				CLANG_ANALYZER_NONNULL = YES;
				CLANG_CXX_LANGUAGE_STANDARD = "gnu++0x";
				CLANG_CXX_LIBRARY = "libc++";
				CLANG_ENABLE_MODULES = YES;
				CLANG_ENABLE_OBJC_ARC = YES;
				CLANG_WARN_BOOL_CONVERSION = YES;
				CLANG_WARN_CONSTANT_CONVERSION = YES;
				CLANG_WARN_DIRECT_OBJC_ISA_USAGE = YES_ERROR;
				CLANG_WARN_DOCUMENTATION_COMMENTS = YES;
				CLANG_WARN_EMPTY_BODY = YES;
				CLANG_WARN_ENUM_CONVERSION = YES;
				CLANG_WARN_INFINITE_RECURSION = YES;
				CLANG_WARN_INT_CONVERSION = YES;
				CLANG_WARN_OBJC_ROOT_CLASS = YES_ERROR;
				CLANG_WARN_SUSPICIOUS_MOVE = YES;
				CLANG_WARN_SUSPICIOUS_MOVES = YES;
				CLANG_WARN_UNREACHABLE_CODE = YES;
				CLANG_WARN__DUPLICATE_METHOD_MATCH = YES;
				"CODE_SIGN_IDENTITY[sdk=iphoneos*]" = "iPhone Developer";
				COPY_PHASE_STRIP = NO;
				DEBUG_INFORMATION_FORMAT = dwarf;
				ENABLE_STRICT_OBJC_MSGSEND = YES;
				ENABLE_TESTABILITY = YES;
				GCC_C_LANGUAGE_STANDARD = gnu99;
				GCC_DYNAMIC_NO_PIC = NO;
				GCC_NO_COMMON_BLOCKS = YES;
				GCC_OPTIMIZATION_LEVEL = 0;
				GCC_PREPROCESSOR_DEFINITIONS = (
					"DEBUG=1",
					"$(inherited)",
				);
				GCC_WARN_64_TO_32_BIT_CONVERSION = YES;
				GCC_WARN_ABOUT_RETURN_TYPE = YES_ERROR;
				GCC_WARN_UNDECLARED_SELECTOR = YES;
				GCC_WARN_UNINITIALIZED_AUTOS = YES_AGGRESSIVE;
				GCC_WARN_UNUSED_FUNCTION = YES;
				GCC_WARN_UNUSED_VARIABLE = YES;
				IPHONEOS_DEPLOYMENT_TARGET = 10.0;
				MTL_ENABLE_DEBUG_INFO = YES;
				ONLY_ACTIVE_ARCH = YES;
				SDKROOT = iphoneos;
				SWIFT_ACTIVE_COMPILATION_CONDITIONS = DEBUG;
				SWIFT_OPTIMIZATION_LEVEL = "-Onone";
				TARGETED_DEVICE_FAMILY = "1,2";
			};
			name = Debug;
		};
		D17306E41D8D867E000EFDDA /* Release */ = {
			isa = XCBuildConfiguration;
			buildSettings = {
				ALWAYS_SEARCH_USER_PATHS = NO;
				CLANG_ANALYZER_NONNULL = YES;
				CLANG_CXX_LANGUAGE_STANDARD = "gnu++0x";
				CLANG_CXX_LIBRARY = "libc++";
				CLANG_ENABLE_MODULES = YES;
				CLANG_ENABLE_OBJC_ARC = YES;
				CLANG_WARN_BOOL_CONVERSION = YES;
				CLANG_WARN_CONSTANT_CONVERSION = YES;
				CLANG_WARN_DIRECT_OBJC_ISA_USAGE = YES_ERROR;
				CLANG_WARN_DOCUMENTATION_COMMENTS = YES;
				CLANG_WARN_EMPTY_BODY = YES;
				CLANG_WARN_ENUM_CONVERSION = YES;
				CLANG_WARN_INFINITE_RECURSION = YES;
				CLANG_WARN_INT_CONVERSION = YES;
				CLANG_WARN_OBJC_ROOT_CLASS = YES_ERROR;
				CLANG_WARN_SUSPICIOUS_MOVE = YES;
				CLANG_WARN_SUSPICIOUS_MOVES = YES;
				CLANG_WARN_UNREACHABLE_CODE = YES;
				CLANG_WARN__DUPLICATE_METHOD_MATCH = YES;
				"CODE_SIGN_IDENTITY[sdk=iphoneos*]" = "iPhone Developer";
				COPY_PHASE_STRIP = NO;
				DEBUG_INFORMATION_FORMAT = "dwarf-with-dsym";
				ENABLE_NS_ASSERTIONS = NO;
				ENABLE_STRICT_OBJC_MSGSEND = YES;
				GCC_C_LANGUAGE_STANDARD = gnu99;
				GCC_NO_COMMON_BLOCKS = YES;
				GCC_WARN_64_TO_32_BIT_CONVERSION = YES;
				GCC_WARN_ABOUT_RETURN_TYPE = YES_ERROR;
				GCC_WARN_UNDECLARED_SELECTOR = YES;
				GCC_WARN_UNINITIALIZED_AUTOS = YES_AGGRESSIVE;
				GCC_WARN_UNUSED_FUNCTION = YES;
				GCC_WARN_UNUSED_VARIABLE = YES;
				IPHONEOS_DEPLOYMENT_TARGET = 10.0;
				MTL_ENABLE_DEBUG_INFO = NO;
				SDKROOT = iphoneos;
				SWIFT_OPTIMIZATION_LEVEL = "-Owholemodule";
				TARGETED_DEVICE_FAMILY = "1,2";
				VALIDATE_PRODUCT = YES;
			};
			name = Release;
		};
		D17306E61D8D867E000EFDDA /* Debug */ = {
			isa = XCBuildConfiguration;
			buildSettings = {
				ASSETCATALOG_COMPILER_APPICON_NAME = AppIcon;
				DEVELOPMENT_TEAM = MEDK2J2T37;
				INFOPLIST_FILE = ipValidator/Info.plist;
				LD_RUNPATH_SEARCH_PATHS = "$(inherited) @executable_path/Frameworks";
				PRODUCT_BUNDLE_IDENTIFIER = com.mehmet.ipValidator;
				PRODUCT_NAME = "$(TARGET_NAME)";
				SWIFT_VERSION = 3.0;
			};
			name = Debug;
		};
		D17306E71D8D867E000EFDDA /* Release */ = {
			isa = XCBuildConfiguration;
			buildSettings = {
				ASSETCATALOG_COMPILER_APPICON_NAME = AppIcon;
				DEVELOPMENT_TEAM = MEDK2J2T37;
				INFOPLIST_FILE = ipValidator/Info.plist;
				LD_RUNPATH_SEARCH_PATHS = "$(inherited) @executable_path/Frameworks";
				PRODUCT_BUNDLE_IDENTIFIER = com.mehmet.ipValidator;
				PRODUCT_NAME = "$(TARGET_NAME)";
				SWIFT_VERSION = 3.0;
			};
			name = Release;
		};
/* End XCBuildConfiguration section */

/* Begin XCConfigurationList section */
		D17306CE1D8D867E000EFDDA /* Build configuration list for PBXProject "ipValidator" */ = {
			isa = XCConfigurationList;
			buildConfigurations = (
				D17306E31D8D867E000EFDDA /* Debug */,
				D17306E41D8D867E000EFDDA /* Release */,
			);
			defaultConfigurationIsVisible = 0;
			defaultConfigurationName = Release;
		};
		D17306E51D8D867E000EFDDA /* Build configuration list for PBXNativeTarget "ipValidator" */ = {
			isa = XCConfigurationList;
			buildConfigurations = (
				D17306E61D8D867E000EFDDA /* Debug */,
				D17306E71D8D867E000EFDDA /* Release */,
			);
			defaultConfigurationIsVisible = 0;
			defaultConfigurationName = Release;
		};
/* End XCConfigurationList section */
	};
	rootObject = D17306CB1D8D867E000EFDDA /* Project object */;
}
